PODS:
  - Kingfisher (4.10.1)
  - TwitterCore (3.2.0)
  - TwitterKit (3.4.2):
    - TwitterCore (>= 3.2.0)

DEPENDENCIES:
  - Kingfisher (~> 4.0)
  - TwitterKit

SPEC REPOS:
  https://github.com/cocoapods/specs.git:
    - Kingfisher
    - TwitterCore
    - TwitterKit

SPEC CHECKSUMS:
  Kingfisher: c148cd7b47ebde9989f6bc7c27dcaa79d81279a0
  TwitterCore: 8cbc9ad34d91c63a0035ea05bfbfc0d7ca72a28c
  TwitterKit: 5e4f41d70b9abdb41df5467f52d7aa2c0fd26ebb

PODFILE CHECKSUM: c0fc7fabeb3605c59f503f10482a4e5fe76e077c

COCOAPODS: 1.5.3
